
Microsoft Visual Studio Solution File, Format Version 12.00
Project("{FAE04EC0-301F-11D3-BF4B-00C04F79EFBC}") = "CustomerProfileAPI", "CustomerProfileAPI\CustomerProfileAPI.csproj", "{2B606FB1-BF26-49F4-BC47-1B7C03F13064}"
EndProject
Global
	GlobalSection(SolutionConfigurationPlatforms) = preSolution
		Debug|Any CPU = Debug|Any CPU
		Release|Any CPU = Release|Any CPU
	EndGlobalSection
	GlobalSection(ProjectConfigurationPlatforms) = postSolution
		{2B606FB1-BF26-49F4-BC47-1B7C03F13064}.Debug|Any CPU.ActiveCfg = Debug|Any CPU
		{2B606FB1-BF26-49F4-BC47-1B7C03F13064}.Debug|Any CPU.Build.0 = Debug|Any CPU
		{2B606FB1-BF26-49F4-BC47-1B7C03F13064}.Release|Any CPU.ActiveCfg = Release|Any CPU
		{2B606FB1-BF26-49F4-BC47-1B7C03F13064}.Release|Any CPU.Build.0 = Release|Any CPU
	EndGlobalSection
EndGlobal
